
Microsoft Visual Studio Solution File, Format Version 12.00
# Visual Studio Version 17
VisualStudioVersion = 17.9.34728.123
MinimumVisualStudioVersion = 10.0.40219.1
Project("{FAE04EC0-301F-11D3-BF4B-00C04F79EFBC}") = "SoloLearnExercises", "SoloLearnExercises\SoloLearnExercises.csproj", "{7328F2EF-5391-467D-A108-7D987DC683F4}"
EndProject
Global
	GlobalSection(SolutionConfigurationPlatforms) = preSolution
		Debug|Any CPU = Debug|Any CPU
		Release|Any CPU = Release|Any CPU
	EndGlobalSection
	GlobalSection(ProjectConfigurationPlatforms) = postSolution
		{7328F2EF-5391-467D-A108-7D987DC683F4}.Debug|Any CPU.ActiveCfg = Debug|Any CPU
		{7328F2EF-5391-467D-A108-7D987DC683F4}.Debug|Any CPU.Build.0 = Debug|Any CPU
		{7328F2EF-5391-467D-A108-7D987DC683F4}.Release|Any CPU.ActiveCfg = Release|Any CPU
		{7328F2EF-5391-467D-A108-7D987DC683F4}.Release|Any CPU.Build.0 = Release|Any CPU
	EndGlobalSection
	GlobalSection(SolutionProperties) = preSolution
		HideSolutionNode = FALSE
	EndGlobalSection
	GlobalSection(ExtensibilityGlobals) = postSolution
		SolutionGuid = {AAF9A0B1-81FE-450A-93F1-0DABDF307FB3}
	EndGlobalSection
EndGlobal
